
Microsoft Visual Studio Solution File, Format Version 12.00
# Visual Studio Version 16
VisualStudioVersion = 16.0.809.3
MinimumVisualStudioVersion = 10.0.40219.1
Project("{FAE04EC0-301F-11D3-BF4B-00C04F79EFBC}") = "TCS2010NX", "TCS2010NX\TCS2010NX.csproj", "{9BC86684-C868-465B-A374-D195789DD894}"
EndProject
Global
	GlobalSection(SolutionConfigurationPlatforms) = preSolution
		Debug|Any CPU = Debug|Any CPU
		Release|Any CPU = Release|Any CPU
	EndGlobalSection
	GlobalSection(ProjectConfigurationPlatforms) = postSolution
		{9BC86684-C868-465B-A374-D195789DD894}.Debug|Any CPU.ActiveCfg = Debug|Any CPU
		{9BC86684-C868-465B-A374-D195789DD894}.Debug|Any CPU.Build.0 = Debug|Any CPU
		{9BC86684-C868-465B-A374-D195789DD894}.Release|Any CPU.ActiveCfg = Release|Any CPU
		{9BC86684-C868-465B-A374-D195789DD894}.Release|Any CPU.Build.0 = Release|Any CPU
	EndGlobalSection
	GlobalSection(SolutionProperties) = preSolution
		HideSolutionNode = FALSE
	EndGlobalSection
	GlobalSection(ExtensibilityGlobals) = postSolution
		SolutionGuid = {7106396F-C45C-4717-B327-3F9DC1CD8E79}
	EndGlobalSection
EndGlobal
